{
  "name": "openmep-manual-d-demo",
  "lockfileVersion": 3,
  "requires": true,
  "packages": {
    "": {
      "name": "openmep-manual-d-demo",
      "dependencies": {
        "@openmep/hvac-domain": "^0.6.0"
      },
      "engines": {
        "node": ">=24"
      }
    },
    "node_modules/@openmep/hvac-domain": {
      "version": "0.6.0",
      "resolved": "https://registry.npmjs.org/@openmep/hvac-domain/-/hvac-domain-0.6.0.tgz",
      "integrity": "sha512-K9z7HdsNDs1OaR8dhGqWwYou+kqJrVw9aFc/pSBknIHVvKZZpvrgHE2c0QRMUUgqw6silhcVEe73OKbhwbtUBg==",
      "license": "MIT",
      "bin": {
        "openmep-hvac": "bin/openmep-hvac.js"
      },
      "engines": {
        "node": ">=24"
      }
    }
  }
}
